
Microsoft Visual Studio Solution File, Format Version 12.00
# Visual Studio Version 17
VisualStudioVersion = 17.9.34622.214
MinimumVisualStudioVersion = 10.0.40219.1
Project("{9A19103F-16F7-4668-BE54-9A1E7A4F7556}") = "BookWebApp", "BookWebApp\BookWebApp.csproj", "{561F2A6D-5916-417A-8261-2CA1DD9F977A}"
EndProject
Project("{FAE04EC0-301F-11D3-BF4B-00C04F79EFBC}") = "BookService", "BookService\BookService.csproj", "{50E4A7B7-B46C-40CC-8335-75C31222713F}"
EndProject
Global
	GlobalSection(SolutionConfigurationPlatforms) = preSolution
		Debug|Any CPU = Debug|Any CPU
		Release|Any CPU = Release|Any CPU
	EndGlobalSection
	GlobalSection(ProjectConfigurationPlatforms) = postSolution
		{561F2A6D-5916-417A-8261-2CA1DD9F977A}.Debug|Any CPU.ActiveCfg = Debug|Any CPU
		{561F2A6D-5916-417A-8261-2CA1DD9F977A}.Debug|Any CPU.Build.0 = Debug|Any CPU
		{561F2A6D-5916-417A-8261-2CA1DD9F977A}.Release|Any CPU.ActiveCfg = Release|Any CPU
		{561F2A6D-5916-417A-8261-2CA1DD9F977A}.Release|Any CPU.Build.0 = Release|Any CPU
		{50E4A7B7-B46C-40CC-8335-75C31222713F}.Debug|Any CPU.ActiveCfg = Debug|Any CPU
		{50E4A7B7-B46C-40CC-8335-75C31222713F}.Debug|Any CPU.Build.0 = Debug|Any CPU
		{50E4A7B7-B46C-40CC-8335-75C31222713F}.Release|Any CPU.ActiveCfg = Release|Any CPU
		{50E4A7B7-B46C-40CC-8335-75C31222713F}.Release|Any CPU.Build.0 = Release|Any CPU
	EndGlobalSection
	GlobalSection(SolutionProperties) = preSolution
		HideSolutionNode = FALSE
	EndGlobalSection
	GlobalSection(ExtensibilityGlobals) = postSolution
		SolutionGuid = {4732B42D-3CDF-4556-B964-2E9D5115E94F}
	EndGlobalSection
EndGlobal
